// !$*UTF8*$!
{
	archiveVersion = 1;
	classes = {
	};
	objectVersion = 50;
	objects = {

/* Begin PBXBuildFile section */
		18164B4720B1F2F100326F21 /* AppDelegate.swift in Sources */ = {isa = PBXBuildFile; fileRef = 18164B4620B1F2F100326F21 /* AppDelegate.swift */; };
		18164B4920B1F2F100326F21 /* HomeViewController.swift in Sources */ = {isa = PBXBuildFile; fileRef = 18164B4820B1F2F100326F21 /* HomeViewController.swift */; };
		18164B4C20B1F2F100326F21 /* Main.storyboard in Resources */ = {isa = PBXBuildFile; fileRef = 18164B4A20B1F2F100326F21 /* Main.storyboard */; };
		18164B4E20B1F2F200326F21 /* Assets.xcassets in Resources */ = {isa = PBXBuildFile; fileRef = 18164B4D20B1F2F200326F21 /* Assets.xcassets */; };
		18164B5120B1F2F200326F21 /* LaunchScreen.storyboard in Resources */ = {isa = PBXBuildFile; fileRef = 18164B4F20B1F2F200326F21 /* LaunchScreen.storyboard */; };
		18E7308A20B206750090F1E6 /* GradientView.swift in Sources */ = {isa = PBXBuildFile; fileRef = 18E7308920B206750090F1E6 /* GradientView.swift */; };
		18E7308C20B209A60090F1E6 /* RoundImageView.swift in Sources */ = {isa = PBXBuildFile; fileRef = 18E7308B20B209A60090F1E6 /* RoundImageView.swift */; };
		18E7308E20B20AAC0090F1E6 /* RoundedShadowView.swift in Sources */ = {isa = PBXBuildFile; fileRef = 18E7308D20B20AAC0090F1E6 /* RoundedShadowView.swift */; };
		18E7309020B20BA50090F1E6 /* CircleView.swift in Sources */ = {isa = PBXBuildFile; fileRef = 18E7308F20B20BA50090F1E6 /* CircleView.swift */; };
		18E7309220B20D120090F1E6 /* RoundedShadowButton.swift in Sources */ = {isa = PBXBuildFile; fileRef = 18E7309120B20D120090F1E6 /* RoundedShadowButton.swift */; };
		18E7309420B229B20090F1E6 /* LeftSidePanelVC.swift in Sources */ = {isa = PBXBuildFile; fileRef = 18E7309320B229B20090F1E6 /* LeftSidePanelVC.swift */; };
		18E7309620B22A2C0090F1E6 /* ContainerVC.swift in Sources */ = {isa = PBXBuildFile; fileRef = 18E7309520B22A2C0090F1E6 /* ContainerVC.swift */; };
		18E7309920B22D2A0090F1E6 /* CenterVCDelegate.swift in Sources */ = {isa = PBXBuildFile; fileRef = 18E7309820B22D2A0090F1E6 /* CenterVCDelegate.swift */; };
		18E7309C20B23D4C0090F1E6 /* UIViewExt.swift in Sources */ = {isa = PBXBuildFile; fileRef = 18E7309B20B23D4C0090F1E6 /* UIViewExt.swift */; };
		18E7309E20B244140090F1E6 /* LoginViewController.swift in Sources */ = {isa = PBXBuildFile; fileRef = 18E7309D20B244140090F1E6 /* LoginViewController.swift */; };
		18E730A020B2451C0090F1E6 /* RoundedCornerTextField.swift in Sources */ = {isa = PBXBuildFile; fileRef = 18E7309F20B2451C0090F1E6 /* RoundedCornerTextField.swift */; };
		18E730A220B30EB00090F1E6 /* GoogleService-Info.plist in Resources */ = {isa = PBXBuildFile; fileRef = 18E730A120B30EB00090F1E6 /* GoogleService-Info.plist */; };
		18E730A520B310350090F1E6 /* DataService.swift in Sources */ = {isa = PBXBuildFile; fileRef = 18E730A420B310350090F1E6 /* DataService.swift */; };
		D5DD93FDDB4D317440E1403F /* Pods_uberclone.framework in Frameworks */ = {isa = PBXBuildFile; fileRef = 9E7848085731C114F63D77E3 /* Pods_uberclone.framework */; };
/* End PBXBuildFile section */

/* Begin PBXFileReference section */
		18164B4320B1F2F000326F21 /* uberclone.app */ = {isa = PBXFileReference; explicitFileType = wrapper.application; includeInIndex = 0; path = uberclone.app; sourceTree = BUILT_PRODUCTS_DIR; };
		18164B4620B1F2F100326F21 /* AppDelegate.swift */ = {isa = PBXFileReference; lastKnownFileType = sourcecode.swift; path = AppDelegate.swift; sourceTree = "<group>"; };
		18164B4820B1F2F100326F21 /* HomeViewController.swift */ = {isa = PBXFileReference; lastKnownFileType = sourcecode.swift; path = HomeViewController.swift; sourceTree = "<group>"; };
		18164B4B20B1F2F100326F21 /* Base */ = {isa = PBXFileReference; lastKnownFileType = file.storyboard; name = Base; path = Base.lproj/Main.storyboard; sourceTree = "<group>"; };
		18164B4D20B1F2F200326F21 /* Assets.xcassets */ = {isa = PBXFileReference; lastKnownFileType = folder.assetcatalog; path = Assets.xcassets; sourceTree = "<group>"; };
		18164B5020B1F2F200326F21 /* Base */ = {isa = PBXFileReference; lastKnownFileType = file.storyboard; name = Base; path = Base.lproj/LaunchScreen.storyboard; sourceTree = "<group>"; };
		18164B5220B1F2F200326F21 /* Info.plist */ = {isa = PBXFileReference; lastKnownFileType = text.plist.xml; path = Info.plist; sourceTree = "<group>"; };
		18E7308920B206750090F1E6 /* GradientView.swift */ = {isa = PBXFileReference; lastKnownFileType = sourcecode.swift; path = GradientView.swift; sourceTree = "<group>"; };
		18E7308B20B209A60090F1E6 /* RoundImageView.swift */ = {isa = PBXFileReference; lastKnownFileType = sourcecode.swift; path = RoundImageView.swift; sourceTree = "<group>"; };
		18E7308D20B20AAC0090F1E6 /* RoundedShadowView.swift */ = {isa = PBXFileReference; lastKnownFileType = sourcecode.swift; path = RoundedShadowView.swift; sourceTree = "<group>"; };
		18E7308F20B20BA50090F1E6 /* CircleView.swift */ = {isa = PBXFileReference; lastKnownFileType = sourcecode.swift; path = CircleView.swift; sourceTree = "<group>"; };
		18E7309120B20D120090F1E6 /* RoundedShadowButton.swift */ = {isa = PBXFileReference; lastKnownFileType = sourcecode.swift; path = RoundedShadowButton.swift; sourceTree = "<group>"; };
		18E7309320B229B20090F1E6 /* LeftSidePanelVC.swift */ = {isa = PBXFileReference; lastKnownFileType = sourcecode.swift; path = LeftSidePanelVC.swift; sourceTree = "<group>"; };
		18E7309520B22A2C0090F1E6 /* ContainerVC.swift */ = {isa = PBXFileReference; lastKnownFileType = sourcecode.swift; path = ContainerVC.swift; sourceTree = "<group>"; };
		18E7309820B22D2A0090F1E6 /* CenterVCDelegate.swift */ = {isa = PBXFileReference; lastKnownFileType = sourcecode.swift; path = CenterVCDelegate.swift; sourceTree = "<group>"; };
		18E7309B20B23D4C0090F1E6 /* UIViewExt.swift */ = {isa = PBXFileReference; lastKnownFileType = sourcecode.swift; path = UIViewExt.swift; sourceTree = "<group>"; };
		18E7309D20B244140090F1E6 /* LoginViewController.swift */ = {isa = PBXFileReference; lastKnownFileType = sourcecode.swift; path = LoginViewController.swift; sourceTree = "<group>"; };
		18E7309F20B2451C0090F1E6 /* RoundedCornerTextField.swift */ = {isa = PBXFileReference; lastKnownFileType = sourcecode.swift; path = RoundedCornerTextField.swift; sourceTree = "<group>"; };
		18E730A120B30EB00090F1E6 /* GoogleService-Info.plist */ = {isa = PBXFileReference; fileEncoding = 4; lastKnownFileType = text.plist.xml; path = "GoogleService-Info.plist"; sourceTree = "<group>"; };
		18E730A420B310350090F1E6 /* DataService.swift */ = {isa = PBXFileReference; lastKnownFileType = sourcecode.swift; path = DataService.swift; sourceTree = "<group>"; };
		9E7848085731C114F63D77E3 /* Pods_uberclone.framework */ = {isa = PBXFileReference; explicitFileType = wrapper.framework; includeInIndex = 0; path = Pods_uberclone.framework; sourceTree = BUILT_PRODUCTS_DIR; };
		CE65F7B9C37C682BE539FAC4 /* Pods-uberclone.debug.xcconfig */ = {isa = PBXFileReference; includeInIndex = 1; lastKnownFileType = text.xcconfig; name = "Pods-uberclone.debug.xcconfig"; path = "Pods/Target Support Files/Pods-uberclone/Pods-uberclone.debug.xcconfig"; sourceTree = "<group>"; };
		EC92DBDE19A6D19E62568AE8 /* Pods-uberclone.release.xcconfig */ = {isa = PBXFileReference; includeInIndex = 1; lastKnownFileType = text.xcconfig; name = "Pods-uberclone.release.xcconfig"; path = "Pods/Target Support Files/Pods-uberclone/Pods-uberclone.release.xcconfig"; sourceTree = "<group>"; };
/* End PBXFileReference section */

/* Begin PBXFrameworksBuildPhase section */
		18164B4020B1F2F000326F21 /* Frameworks */ = {
			isa = PBXFrameworksBuildPhase;
			buildActionMask = 2147483647;
			files = (
				D5DD93FDDB4D317440E1403F /* Pods_uberclone.framework in Frameworks */,
			);
			runOnlyForDeploymentPostprocessing = 0;
		};
/* End PBXFrameworksBuildPhase section */

/* Begin PBXGroup section */
		0574AF3D22419832216610FF /* Pods */ = {
			isa = PBXGroup;
			children = (
				CE65F7B9C37C682BE539FAC4 /* Pods-uberclone.debug.xcconfig */,
				EC92DBDE19A6D19E62568AE8 /* Pods-uberclone.release.xcconfig */,
			);
			name = Pods;
			sourceTree = "<group>";
		};
		18164B3A20B1F2F000326F21 = {
			isa = PBXGroup;
			children = (
				18164B4520B1F2F100326F21 /* uberclone */,
				18164B4420B1F2F000326F21 /* Products */,
				0574AF3D22419832216610FF /* Pods */,
				72C43353A0B6472C8658CCD6 /* Frameworks */,
			);
			sourceTree = "<group>";
		};
		18164B4420B1F2F000326F21 /* Products */ = {
			isa = PBXGroup;
			children = (
				18164B4320B1F2F000326F21 /* uberclone.app */,
			);
			name = Products;
			sourceTree = "<group>";
		};
		18164B4520B1F2F100326F21 /* uberclone */ = {
			isa = PBXGroup;
			children = (
				18E730A320B3101F0090F1E6 /* Services */,
				18E7309A20B23D300090F1E6 /* Extensions */,
				18E7309720B22D100090F1E6 /* Protocols */,
				18E7308820B206460090F1E6 /* Model */,
				18E7308720B206400090F1E6 /* View */,
				18E7308620B206380090F1E6 /* Controller */,
				18164B4620B1F2F100326F21 /* AppDelegate.swift */,
				18164B4A20B1F2F100326F21 /* Main.storyboard */,
				18164B4D20B1F2F200326F21 /* Assets.xcassets */,
				18164B4F20B1F2F200326F21 /* LaunchScreen.storyboard */,
				18164B5220B1F2F200326F21 /* Info.plist */,
				18E730A120B30EB00090F1E6 /* GoogleService-Info.plist */,
			);
			path = uberclone;
			sourceTree = "<group>";
		};
		18E7308620B206380090F1E6 /* Controller */ = {
			isa = PBXGroup;
			children = (
				18164B4820B1F2F100326F21 /* HomeViewController.swift */,
				18E7309320B229B20090F1E6 /* LeftSidePanelVC.swift */,
				18E7309520B22A2C0090F1E6 /* ContainerVC.swift */,
				18E7309D20B244140090F1E6 /* LoginViewController.swift */,
			);
			path = Controller;
			sourceTree = "<group>";
		};
		18E7308720B206400090F1E6 /* View */ = {
			isa = PBXGroup;
			children = (
				18E7308920B206750090F1E6 /* GradientView.swift */,
				18E7308B20B209A60090F1E6 /* RoundImageView.swift */,
				18E7308D20B20AAC0090F1E6 /* RoundedShadowView.swift */,
				18E7308F20B20BA50090F1E6 /* CircleView.swift */,
				18E7309120B20D120090F1E6 /* RoundedShadowButton.swift */,
				18E7309F20B2451C0090F1E6 /* RoundedCornerTextField.swift */,
			);
			path = View;
			sourceTree = "<group>";
		};
		18E7308820B206460090F1E6 /* Model */ = {
			isa = PBXGroup;
			children = (
			);
			path = Model;
			sourceTree = "<group>";
		};
		18E7309720B22D100090F1E6 /* Protocols */ = {
			isa = PBXGroup;
			children = (
				18E7309820B22D2A0090F1E6 /* CenterVCDelegate.swift */,
			);
			path = Protocols;
			sourceTree = "<group>";
		};
		18E7309A20B23D300090F1E6 /* Extensions */ = {
			isa = PBXGroup;
			children = (
				18E7309B20B23D4C0090F1E6 /* UIViewExt.swift */,
			);
			path = Extensions;
			sourceTree = "<group>";
		};
		18E730A320B3101F0090F1E6 /* Services */ = {
			isa = PBXGroup;
			children = (
				18E730A420B310350090F1E6 /* DataService.swift */,
			);
			path = Services;
			sourceTree = "<group>";
		};
		72C43353A0B6472C8658CCD6 /* Frameworks */ = {
			isa = PBXGroup;
			children = (
				9E7848085731C114F63D77E3 /* Pods_uberclone.framework */,
			);
			name = Frameworks;
			sourceTree = "<group>";
		};
/* End PBXGroup section */

/* Begin PBXNativeTarget section */
		18164B4220B1F2F000326F21 /* uberclone */ = {
			isa = PBXNativeTarget;
			buildConfigurationList = 18164B5520B1F2F200326F21 /* Build configuration list for PBXNativeTarget "uberclone" */;
			buildPhases = (
				99A91996098E63043EBB3434 /* [CP] Check Pods Manifest.lock */,
				18164B3F20B1F2F000326F21 /* Sources */,
				18164B4020B1F2F000326F21 /* Frameworks */,
				18164B4120B1F2F000326F21 /* Resources */,
				73668019683D379750D71BF1 /* [CP] Embed Pods Frameworks */,
			);
			buildRules = (
			);
			dependencies = (
			);
			name = uberclone;
			productName = uberclone;
			productReference = 18164B4320B1F2F000326F21 /* uberclone.app */;
			productType = "com.apple.product-type.application";
		};
/* End PBXNativeTarget section */

/* Begin PBXProject section */
		18164B3B20B1F2F000326F21 /* Project object */ = {
			isa = PBXProject;
			attributes = {
				LastSwiftUpdateCheck = 0930;
				LastUpgradeCheck = 0930;
				ORGANIZATIONNAME = "Ryan Chingway";
				TargetAttributes = {
					18164B4220B1F2F000326F21 = {
						CreatedOnToolsVersion = 9.3.1;
					};
				};
			};
			buildConfigurationList = 18164B3E20B1F2F000326F21 /* Build configuration list for PBXProject "uberclone" */;
			compatibilityVersion = "Xcode 9.3";
			developmentRegion = en;
			hasScannedForEncodings = 0;
			knownRegions = (
				en,
				Base,
			);
			mainGroup = 18164B3A20B1F2F000326F21;
			productRefGroup = 18164B4420B1F2F000326F21 /* Products */;
			projectDirPath = "";
			projectRoot = "";
			targets = (
				18164B4220B1F2F000326F21 /* uberclone */,
			);
		};
/* End PBXProject section */

/* Begin PBXResourcesBuildPhase section */
		18164B4120B1F2F000326F21 /* Resources */ = {
			isa = PBXResourcesBuildPhase;
			buildActionMask = 2147483647;
			files = (
				18164B5120B1F2F200326F21 /* LaunchScreen.storyboard in Resources */,
				18E730A220B30EB00090F1E6 /* GoogleService-Info.plist in Resources */,
				18164B4E20B1F2F200326F21 /* Assets.xcassets in Resources */,
				18164B4C20B1F2F100326F21 /* Main.storyboard in Resources */,
			);
			runOnlyForDeploymentPostprocessing = 0;
		};
/* End PBXResourcesBuildPhase section */

/* Begin PBXShellScriptBuildPhase section */
		73668019683D379750D71BF1 /* [CP] Embed Pods Frameworks */ = {
			isa = PBXShellScriptBuildPhase;
			buildActionMask = 2147483647;
			files = (
			);
			inputPaths = (
				"${SRCROOT}/Pods/Target Support Files/Pods-uberclone/Pods-uberclone-frameworks.sh",
				"${BUILT_PRODUCTS_DIR}/GTMSessionFetcher/GTMSessionFetcher.framework",
				"${BUILT_PRODUCTS_DIR}/GoogleToolboxForMac/GoogleToolboxForMac.framework",
				"${BUILT_PRODUCTS_DIR}/RevealingSplashView/RevealingSplashView.framework",
				"${BUILT_PRODUCTS_DIR}/leveldb-library/leveldb.framework",
				"${BUILT_PRODUCTS_DIR}/nanopb/nanopb.framework",
			);
			name = "[CP] Embed Pods Frameworks";
			outputPaths = (
				"${TARGET_BUILD_DIR}/${FRAMEWORKS_FOLDER_PATH}/GTMSessionFetcher.framework",
				"${TARGET_BUILD_DIR}/${FRAMEWORKS_FOLDER_PATH}/GoogleToolboxForMac.framework",
				"${TARGET_BUILD_DIR}/${FRAMEWORKS_FOLDER_PATH}/RevealingSplashView.framework",
				"${TARGET_BUILD_DIR}/${FRAMEWORKS_FOLDER_PATH}/leveldb.framework",
				"${TARGET_BUILD_DIR}/${FRAMEWORKS_FOLDER_PATH}/nanopb.framework",
			);
			runOnlyForDeploymentPostprocessing = 0;
			shellPath = /bin/sh;
			shellScript = "\"${SRCROOT}/Pods/Target Support Files/Pods-uberclone/Pods-uberclone-frameworks.sh\"\n";
			showEnvVarsInLog = 0;
		};
		99A91996098E63043EBB3434 /* [CP] Check Pods Manifest.lock */ = {
			isa = PBXShellScriptBuildPhase;
			buildActionMask = 2147483647;
			files = (
			);
			inputPaths = (
				"${PODS_PODFILE_DIR_PATH}/Podfile.lock",
				"${PODS_ROOT}/Manifest.lock",
			);
			name = "[CP] Check Pods Manifest.lock";
			outputPaths = (
				"$(DERIVED_FILE_DIR)/Pods-uberclone-checkManifestLockResult.txt",
			);
			runOnlyForDeploymentPostprocessing = 0;
			shellPath = /bin/sh;
			shellScript = "diff \"${PODS_PODFILE_DIR_PATH}/Podfile.lock\" \"${PODS_ROOT}/Manifest.lock\" > /dev/null\nif [ $? != 0 ] ; then\n    # print error to STDERR\n    echo \"error: The sandbox is not in sync with the Podfile.lock. Run 'pod install' or update your CocoaPods installation.\" >&2\n    exit 1\nfi\n# This output is used by Xcode 'outputs' to avoid re-running this script phase.\necho \"SUCCESS\" > \"${SCRIPT_OUTPUT_FILE_0}\"\n";
			showEnvVarsInLog = 0;
		};
/* End PBXShellScriptBuildPhase section */

/* Begin PBXSourcesBuildPhase section */
		18164B3F20B1F2F000326F21 /* Sources */ = {
			isa = PBXSourcesBuildPhase;
			buildActionMask = 2147483647;
			files = (
				18E7309E20B244140090F1E6 /* LoginViewController.swift in Sources */,
				18E730A520B310350090F1E6 /* DataService.swift in Sources */,
				18E7309920B22D2A0090F1E6 /* CenterVCDelegate.swift in Sources */,
				18E7309220B20D120090F1E6 /* RoundedShadowButton.swift in Sources */,
				18E7309420B229B20090F1E6 /* LeftSidePanelVC.swift in Sources */,
				18E7309020B20BA50090F1E6 /* CircleView.swift in Sources */,
				18E7309620B22A2C0090F1E6 /* ContainerVC.swift in Sources */,
				18E7309C20B23D4C0090F1E6 /* UIViewExt.swift in Sources */,
				18164B4920B1F2F100326F21 /* HomeViewController.swift in Sources */,
				18E7308C20B209A60090F1E6 /* RoundImageView.swift in Sources */,
				18E7308E20B20AAC0090F1E6 /* RoundedShadowView.swift in Sources */,
				18E730A020B2451C0090F1E6 /* RoundedCornerTextField.swift in Sources */,
				18164B4720B1F2F100326F21 /* AppDelegate.swift in Sources */,
				18E7308A20B206750090F1E6 /* GradientView.swift in Sources */,
			);
			runOnlyForDeploymentPostprocessing = 0;
		};
/* End PBXSourcesBuildPhase section */

/* Begin PBXVariantGroup section */
		18164B4A20B1F2F100326F21 /* Main.storyboard */ = {
			isa = PBXVariantGroup;
			children = (
				18164B4B20B1F2F100326F21 /* Base */,
			);
			name = Main.storyboard;
			sourceTree = "<group>";
		};
		18164B4F20B1F2F200326F21 /* LaunchScreen.storyboard */ = {
			isa = PBXVariantGroup;
			children = (
				18164B5020B1F2F200326F21 /* Base */,
			);
			name = LaunchScreen.storyboard;
			sourceTree = "<group>";
		};
/* End PBXVariantGroup section */

/* Begin XCBuildConfiguration section */
		18164B5320B1F2F200326F21 /* Debug */ = {
			isa = XCBuildConfiguration;
			buildSettings = {
				ALWAYS_SEARCH_USER_PATHS = NO;
				CLANG_ANALYZER_NONNULL = YES;
				CLANG_ANALYZER_NUMBER_OBJECT_CONVERSION = YES_AGGRESSIVE;
				CLANG_CXX_LANGUAGE_STANDARD = "gnu++14";
				CLANG_CXX_LIBRARY = "libc++";
				CLANG_ENABLE_MODULES = YES;
				CLANG_ENABLE_OBJC_ARC = YES;
				CLANG_ENABLE_OBJC_WEAK = YES;
				CLANG_WARN_BLOCK_CAPTURE_AUTORELEASING = YES;
				CLANG_WARN_BOOL_CONVERSION = YES;
				CLANG_WARN_COMMA = YES;
				CLANG_WARN_CONSTANT_CONVERSION = YES;
				CLANG_WARN_DEPRECATED_OBJC_IMPLEMENTATIONS = YES;
				CLANG_WARN_DIRECT_OBJC_ISA_USAGE = YES_ERROR;
				CLANG_WARN_DOCUMENTATION_COMMENTS = YES;
				CLANG_WARN_EMPTY_BODY = YES;
				CLANG_WARN_ENUM_CONVERSION = YES;
				CLANG_WARN_INFINITE_RECURSION = YES;
				CLANG_WARN_INT_CONVERSION = YES;
				CLANG_WARN_NON_LITERAL_NULL_CONVERSION = YES;
				CLANG_WARN_OBJC_IMPLICIT_RETAIN_SELF = YES;
				CLANG_WARN_OBJC_LITERAL_CONVERSION = YES;
				CLANG_WARN_OBJC_ROOT_CLASS = YES_ERROR;
				CLANG_WARN_RANGE_LOOP_ANALYSIS = YES;
				CLANG_WARN_STRICT_PROTOTYPES = YES;
				CLANG_WARN_SUSPICIOUS_MOVE = YES;
				CLANG_WARN_UNGUARDED_AVAILABILITY = YES_AGGRESSIVE;
				CLANG_WARN_UNREACHABLE_CODE = YES;
				CLANG_WARN__DUPLICATE_METHOD_MATCH = YES;
				CODE_SIGN_IDENTITY = "iPhone Developer";
				COPY_PHASE_STRIP = NO;
				DEBUG_INFORMATION_FORMAT = dwarf;
				ENABLE_STRICT_OBJC_MSGSEND = YES;
				ENABLE_TESTABILITY = YES;
				GCC_C_LANGUAGE_STANDARD = gnu11;
				GCC_DYNAMIC_NO_PIC = NO;
				GCC_NO_COMMON_BLOCKS = YES;
				GCC_OPTIMIZATION_LEVEL = 0;
				GCC_PREPROCESSOR_DEFINITIONS = (
					"DEBUG=1",
					"$(inherited)",
				);
				GCC_WARN_64_TO_32_BIT_CONVERSION = YES;
				GCC_WARN_ABOUT_RETURN_TYPE = YES_ERROR;
				GCC_WARN_UNDECLARED_SELECTOR = YES;
				GCC_WARN_UNINITIALIZED_AUTOS = YES_AGGRESSIVE;
				GCC_WARN_UNUSED_FUNCTION = YES;
				GCC_WARN_UNUSED_VARIABLE = YES;
				IPHONEOS_DEPLOYMENT_TARGET = 11.3;
				MTL_ENABLE_DEBUG_INFO = YES;
				ONLY_ACTIVE_ARCH = YES;
				SDKROOT = iphoneos;
				SWIFT_ACTIVE_COMPILATION_CONDITIONS = DEBUG;
				SWIFT_OPTIMIZATION_LEVEL = "-Onone";
			};
			name = Debug;
		};
		18164B5420B1F2F200326F21 /* Release */ = {
			isa = XCBuildConfiguration;
			buildSettings = {
				ALWAYS_SEARCH_USER_PATHS = NO;
				CLANG_ANALYZER_NONNULL = YES;
				CLANG_ANALYZER_NUMBER_OBJECT_CONVERSION = YES_AGGRESSIVE;
				CLANG_CXX_LANGUAGE_STANDARD = "gnu++14";
				CLANG_CXX_LIBRARY = "libc++";
				CLANG_ENABLE_MODULES = YES;
				CLANG_ENABLE_OBJC_ARC = YES;
				CLANG_ENABLE_OBJC_WEAK = YES;
				CLANG_WARN_BLOCK_CAPTURE_AUTORELEASING = YES;
				CLANG_WARN_BOOL_CONVERSION = YES;
				CLANG_WARN_COMMA = YES;
				CLANG_WARN_CONSTANT_CONVERSION = YES;
				CLANG_WARN_DEPRECATED_OBJC_IMPLEMENTATIONS = YES;
				CLANG_WARN_DIRECT_OBJC_ISA_USAGE = YES_ERROR;
				CLANG_WARN_DOCUMENTATION_COMMENTS = YES;
				CLANG_WARN_EMPTY_BODY = YES;
				CLANG_WARN_ENUM_CONVERSION = YES;
				CLANG_WARN_INFINITE_RECURSION = YES;
				CLANG_WARN_INT_CONVERSION = YES;
				CLANG_WARN_NON_LITERAL_NULL_CONVERSION = YES;
				CLANG_WARN_OBJC_IMPLICIT_RETAIN_SELF = YES;
				CLANG_WARN_OBJC_LITERAL_CONVERSION = YES;
				CLANG_WARN_OBJC_ROOT_CLASS = YES_ERROR;
				CLANG_WARN_RANGE_LOOP_ANALYSIS = YES;
				CLANG_WARN_STRICT_PROTOTYPES = YES;
				CLANG_WARN_SUSPICIOUS_MOVE = YES;
				CLANG_WARN_UNGUARDED_AVAILABILITY = YES_AGGRESSIVE;
				CLANG_WARN_UNREACHABLE_CODE = YES;
				CLANG_WARN__DUPLICATE_METHOD_MATCH = YES;
				CODE_SIGN_IDENTITY = "iPhone Developer";
				COPY_PHASE_STRIP = NO;
				DEBUG_INFORMATION_FORMAT = "dwarf-with-dsym";
				ENABLE_NS_ASSERTIONS = NO;
				ENABLE_STRICT_OBJC_MSGSEND = YES;
				GCC_C_LANGUAGE_STANDARD = gnu11;
				GCC_NO_COMMON_BLOCKS = YES;
				GCC_WARN_64_TO_32_BIT_CONVERSION = YES;
				GCC_WARN_ABOUT_RETURN_TYPE = YES_ERROR;
				GCC_WARN_UNDECLARED_SELECTOR = YES;
				GCC_WARN_UNINITIALIZED_AUTOS = YES_AGGRESSIVE;
				GCC_WARN_UNUSED_FUNCTION = YES;
				GCC_WARN_UNUSED_VARIABLE = YES;
				IPHONEOS_DEPLOYMENT_TARGET = 11.3;
				MTL_ENABLE_DEBUG_INFO = NO;
				SDKROOT = iphoneos;
				SWIFT_COMPILATION_MODE = wholemodule;
				SWIFT_OPTIMIZATION_LEVEL = "-O";
				VALIDATE_PRODUCT = YES;
			};
			name = Release;
		};
		18164B5620B1F2F200326F21 /* Debug */ = {
			isa = XCBuildConfiguration;
			baseConfigurationReference = CE65F7B9C37C682BE539FAC4 /* Pods-uberclone.debug.xcconfig */;
			buildSettings = {
				ASSETCATALOG_COMPILER_APPICON_NAME = AppIcon;
				CODE_SIGN_STYLE = Automatic;
				DEVELOPMENT_TEAM = G9X2BJN5A2;
				INFOPLIST_FILE = uberclone/Info.plist;
				LD_RUNPATH_SEARCH_PATHS = (
					"$(inherited)",
					"@executable_path/Frameworks",
				);
				PRODUCT_BUNDLE_IDENTIFIER = com.ryanchingway.uberclone;
				PRODUCT_NAME = "$(TARGET_NAME)";
				SWIFT_VERSION = 4.0;
				TARGETED_DEVICE_FAMILY = "1,2";
			};
			name = Debug;
		};
		18164B5720B1F2F200326F21 /* Release */ = {
			isa = XCBuildConfiguration;
			baseConfigurationReference = EC92DBDE19A6D19E62568AE8 /* Pods-uberclone.release.xcconfig */;
			buildSettings = {
				ASSETCATALOG_COMPILER_APPICON_NAME = AppIcon;
				CODE_SIGN_STYLE = Automatic;
				DEVELOPMENT_TEAM = G9X2BJN5A2;
				INFOPLIST_FILE = uberclone/Info.plist;
				LD_RUNPATH_SEARCH_PATHS = (
					"$(inherited)",
					"@executable_path/Frameworks",
				);
				PRODUCT_BUNDLE_IDENTIFIER = com.ryanchingway.uberclone;
				PRODUCT_NAME = "$(TARGET_NAME)";
				SWIFT_VERSION = 4.0;
				TARGETED_DEVICE_FAMILY = "1,2";
			};
			name = Release;
		};
/* End XCBuildConfiguration section */

/* Begin XCConfigurationList section */
		18164B3E20B1F2F000326F21 /* Build configuration list for PBXProject "uberclone" */ = {
			isa = XCConfigurationList;
			buildConfigurations = (
				18164B5320B1F2F200326F21 /* Debug */,
				18164B5420B1F2F200326F21 /* Release */,
			);
			defaultConfigurationIsVisible = 0;
			defaultConfigurationName = Release;
		};
		18164B5520B1F2F200326F21 /* Build configuration list for PBXNativeTarget "uberclone" */ = {
			isa = XCConfigurationList;
			buildConfigurations = (
				18164B5620B1F2F200326F21 /* Debug */,
				18164B5720B1F2F200326F21 /* Release */,
			);
			defaultConfigurationIsVisible = 0;
			defaultConfigurationName = Release;
		};
/* End XCConfigurationList section */
	};
	rootObject = 18164B3B20B1F2F000326F21 /* Project object */;
}
